
Microsoft Visual Studio Solution File, Format Version 12.00
# Visual Studio Version 17
VisualStudioVersion = 17.3.32929.385
MinimumVisualStudioVersion = 10.0.40219.1
Project("{FAE04EC0-301F-11D3-BF4B-00C04F79EFBC}") = "WpfApp2", "WpfApp2\WpfApp2.csproj", "{DD9B1BAB-0C4C-478E-91CE-4F17289C9A62}"
EndProject
Global
	GlobalSection(SolutionConfigurationPlatforms) = preSolution
		Debug|Any CPU = Debug|Any CPU
		Release|Any CPU = Release|Any CPU
	EndGlobalSection
	GlobalSection(ProjectConfigurationPlatforms) = postSolution
		{DD9B1BAB-0C4C-478E-91CE-4F17289C9A62}.Debug|Any CPU.ActiveCfg = Debug|Any CPU
		{DD9B1BAB-0C4C-478E-91CE-4F17289C9A62}.Debug|Any CPU.Build.0 = Debug|Any CPU
		{DD9B1BAB-0C4C-478E-91CE-4F17289C9A62}.Release|Any CPU.ActiveCfg = Release|Any CPU
		{DD9B1BAB-0C4C-478E-91CE-4F17289C9A62}.Release|Any CPU.Build.0 = Release|Any CPU
	EndGlobalSection
	GlobalSection(SolutionProperties) = preSolution
		HideSolutionNode = FALSE
	EndGlobalSection
	GlobalSection(ExtensibilityGlobals) = postSolution
		SolutionGuid = {0FEACBE9-ADA1-406B-B391-5EC2302389DC}
	EndGlobalSection
EndGlobal
